
Microsoft Visual Studio Solution File, Format Version 12.00
# Visual Studio Version 16
VisualStudioVersion = 16.0.31321.278
MinimumVisualStudioVersion = 10.0.40219.1
Project("{FAE04EC0-301F-11D3-BF4B-00C04F79EFBC}") = "Parsley", "Parsley\Parsley.csproj", "{7109CEEE-C440-4349-88E0-C8BA07E67053}"
EndProject
Project("{9A19103F-16F7-4668-BE54-9A1E7A4F7556}") = "Parsnip", "..\..\Parsnip\Parsnip\Parsnip.csproj", "{DF67270E-831C-4ADC-A737-B030FDBE3E20}"
EndProject
Global
	GlobalSection(SolutionConfigurationPlatforms) = preSolution
		Debug|Any CPU = Debug|Any CPU
		Release|Any CPU = Release|Any CPU
	EndGlobalSection
	GlobalSection(ProjectConfigurationPlatforms) = postSolution
		{7109CEEE-C440-4349-88E0-C8BA07E67053}.Debug|Any CPU.ActiveCfg = Debug|Any CPU
		{7109CEEE-C440-4349-88E0-C8BA07E67053}.Debug|Any CPU.Build.0 = Debug|Any CPU
		{7109CEEE-C440-4349-88E0-C8BA07E67053}.Release|Any CPU.ActiveCfg = Release|Any CPU
		{7109CEEE-C440-4349-88E0-C8BA07E67053}.Release|Any CPU.Build.0 = Release|Any CPU
		{DF67270E-831C-4ADC-A737-B030FDBE3E20}.Debug|Any CPU.ActiveCfg = Debug|Any CPU
		{DF67270E-831C-4ADC-A737-B030FDBE3E20}.Debug|Any CPU.Build.0 = Debug|Any CPU
		{DF67270E-831C-4ADC-A737-B030FDBE3E20}.Release|Any CPU.ActiveCfg = Release|Any CPU
		{DF67270E-831C-4ADC-A737-B030FDBE3E20}.Release|Any CPU.Build.0 = Release|Any CPU
	EndGlobalSection
	GlobalSection(SolutionProperties) = preSolution
		HideSolutionNode = FALSE
	EndGlobalSection
	GlobalSection(ExtensibilityGlobals) = postSolution
		SolutionGuid = {6EE98D47-6281-4B2E-ABC6-19CCCECDA09A}
	EndGlobalSection
EndGlobal
